// !$*UTF8*$!
{
	archiveVersion = 1;
	classes = {
	};
	objectVersion = 46;
	objects = {

/* Begin PBXBuildFile section */
		7529B2C217F5B68900997D90 /* NSObject+APKeys.m in Sources */ = {isa = PBXBuildFile; fileRef = 7529B2C117F5B68900997D90 /* NSObject+APKeys.m */; };
		7529B2C417F5BDBB00997D90 /* UserCell.xib in Resources */ = {isa = PBXBuildFile; fileRef = 7529B2C317F5BDBB00997D90 /* UserCell.xib */; };
		7529B2C717F5BF2400997D90 /* UIView+APTableController.m in Sources */ = {isa = PBXBuildFile; fileRef = 7529B2C617F5BF2400997D90 /* UIView+APTableController.m */; };
		7529B2D117F5CD0900997D90 /* APViewBinder.m in Sources */ = {isa = PBXBuildFile; fileRef = 7529B2D017F5CD0900997D90 /* APViewBinder.m */; };
		7529B2D417F5CD1C00997D90 /* APLabelBinder.m in Sources */ = {isa = PBXBuildFile; fileRef = 7529B2D317F5CD1C00997D90 /* APLabelBinder.m */; };
		7559B3B217F348F900E408FD /* UIKit.framework in Frameworks */ = {isa = PBXBuildFile; fileRef = 7559B3B117F348F900E408FD /* UIKit.framework */; };
		7559B3B417F348F900E408FD /* Foundation.framework in Frameworks */ = {isa = PBXBuildFile; fileRef = 7559B3B317F348F900E408FD /* Foundation.framework */; };
		7559B3B617F348F900E408FD /* CoreGraphics.framework in Frameworks */ = {isa = PBXBuildFile; fileRef = 7559B3B517F348F900E408FD /* CoreGraphics.framework */; };
		7559B3BC17F348F900E408FD /* InfoPlist.strings in Resources */ = {isa = PBXBuildFile; fileRef = 7559B3BA17F348F900E408FD /* InfoPlist.strings */; };
		7559B3BE17F348F900E408FD /* main.m in Sources */ = {isa = PBXBuildFile; fileRef = 7559B3BD17F348F900E408FD /* main.m */; };
		7559B3C217F348F900E408FD /* AppDelegate.m in Sources */ = {isa = PBXBuildFile; fileRef = 7559B3C117F348F900E408FD /* AppDelegate.m */; };
		7559B3C417F348FA00E408FD /* Default.png in Resources */ = {isa = PBXBuildFile; fileRef = 7559B3C317F348FA00E408FD /* Default.png */; };
		7559B3C617F348FA00E408FD /* Default@2x.png in Resources */ = {isa = PBXBuildFile; fileRef = 7559B3C517F348FA00E408FD /* Default@2x.png */; };
		7559B3C817F348FA00E408FD /* Default-568h@2x.png in Resources */ = {isa = PBXBuildFile; fileRef = 7559B3C717F348FA00E408FD /* Default-568h@2x.png */; };
		7559B3CB17F348FA00E408FD /* ViewController.m in Sources */ = {isa = PBXBuildFile; fileRef = 7559B3CA17F348FA00E408FD /* ViewController.m */; };
		7559B3CE17F348FA00E408FD /* ViewController.xib in Resources */ = {isa = PBXBuildFile; fileRef = 7559B3CC17F348FA00E408FD /* ViewController.xib */; };
		7559B3F717F450AC00E408FD /* APTableCell.m in Sources */ = {isa = PBXBuildFile; fileRef = 7559B3E917F450AC00E408FD /* APTableCell.m */; };
		7559B3F817F450AC00E408FD /* APTableCell.xib in Resources */ = {isa = PBXBuildFile; fileRef = 7559B3EA17F450AC00E408FD /* APTableCell.xib */; };
		7559B3F917F450AC00E408FD /* APTableCellViewModel.m in Sources */ = {isa = PBXBuildFile; fileRef = 7559B3EE17F450AC00E408FD /* APTableCellViewModel.m */; };
		7559B3FA17F450AC00E408FD /* APTableSectionViewModel.m in Sources */ = {isa = PBXBuildFile; fileRef = 7559B3F117F450AC00E408FD /* APTableSectionViewModel.m */; };
		7559B3FB17F450AC00E408FD /* APTableController.m in Sources */ = {isa = PBXBuildFile; fileRef = 7559B3F417F450AC00E408FD /* APTableController.m */; };
		7559B3FC17F450AC00E408FD /* APTableController.xib in Resources */ = {isa = PBXBuildFile; fileRef = 7559B3F517F450AC00E408FD /* APTableController.xib */; };
		7559B3FF17F450CF00E408FD /* NSArray+APTableController.m in Sources */ = {isa = PBXBuildFile; fileRef = 7559B3FE17F450CF00E408FD /* NSArray+APTableController.m */; };
		7559B40517F4520000E408FD /* NSDictionary+APTableController.m in Sources */ = {isa = PBXBuildFile; fileRef = 7559B40417F4520000E408FD /* NSDictionary+APTableController.m */; };
		7559B40817F4520E00E408FD /* NSObject+APTableController.m in Sources */ = {isa = PBXBuildFile; fileRef = 7559B40717F4520E00E408FD /* NSObject+APTableController.m */; };
		F7BA40C8C38F49CCBD31A40C /* libPods.a in Frameworks */ = {isa = PBXBuildFile; fileRef = 718AFD1630D2496AB348D17F /* libPods.a */; };
/* End PBXBuildFile section */

/* Begin PBXFileReference section */
		2E0CC9B409A0444EB9C3AA2A /* Pods.xcconfig */ = {isa = PBXFileReference; includeInIndex = 1; lastKnownFileType = text.xcconfig; name = Pods.xcconfig; path = Pods/Pods.xcconfig; sourceTree = "<group>"; };
		718AFD1630D2496AB348D17F /* libPods.a */ = {isa = PBXFileReference; explicitFileType = archive.ar; includeInIndex = 0; path = libPods.a; sourceTree = BUILT_PRODUCTS_DIR; };
		7529B2C017F5B68900997D90 /* NSObject+APKeys.h */ = {isa = PBXFileReference; fileEncoding = 4; lastKnownFileType = sourcecode.c.h; name = "NSObject+APKeys.h"; path = "Categories/NSObject+APKeys.h"; sourceTree = "<group>"; };
		7529B2C117F5B68900997D90 /* NSObject+APKeys.m */ = {isa = PBXFileReference; fileEncoding = 4; lastKnownFileType = sourcecode.c.objc; name = "NSObject+APKeys.m"; path = "Categories/NSObject+APKeys.m"; sourceTree = "<group>"; };
		7529B2C317F5BDBB00997D90 /* UserCell.xib */ = {isa = PBXFileReference; fileEncoding = 4; lastKnownFileType = file.xib; path = UserCell.xib; sourceTree = "<group>"; };
		7529B2C517F5BF2400997D90 /* UIView+APTableController.h */ = {isa = PBXFileReference; fileEncoding = 4; lastKnownFileType = sourcecode.c.h; name = "UIView+APTableController.h"; path = "Categories/UIView+APTableController.h"; sourceTree = "<group>"; };
		7529B2C617F5BF2400997D90 /* UIView+APTableController.m */ = {isa = PBXFileReference; fileEncoding = 4; lastKnownFileType = sourcecode.c.objc; name = "UIView+APTableController.m"; path = "Categories/UIView+APTableController.m"; sourceTree = "<group>"; };
		7529B2CF17F5CD0900997D90 /* APViewBinder.h */ = {isa = PBXFileReference; fileEncoding = 4; lastKnownFileType = sourcecode.c.h; path = APViewBinder.h; sourceTree = "<group>"; };
		7529B2D017F5CD0900997D90 /* APViewBinder.m */ = {isa = PBXFileReference; fileEncoding = 4; lastKnownFileType = sourcecode.c.objc; path = APViewBinder.m; sourceTree = "<group>"; };
		7529B2D217F5CD1C00997D90 /* APLabelBinder.h */ = {isa = PBXFileReference; fileEncoding = 4; lastKnownFileType = sourcecode.c.h; path = APLabelBinder.h; sourceTree = "<group>"; };
		7529B2D317F5CD1C00997D90 /* APLabelBinder.m */ = {isa = PBXFileReference; fileEncoding = 4; lastKnownFileType = sourcecode.c.objc; path = APLabelBinder.m; sourceTree = "<group>"; };
		7559B3AE17F348F900E408FD /* DevAPTableController.app */ = {isa = PBXFileReference; explicitFileType = wrapper.application; includeInIndex = 0; path = DevAPTableController.app; sourceTree = BUILT_PRODUCTS_DIR; };
		7559B3B117F348F900E408FD /* UIKit.framework */ = {isa = PBXFileReference; lastKnownFileType = wrapper.framework; name = UIKit.framework; path = System/Library/Frameworks/UIKit.framework; sourceTree = SDKROOT; };
		7559B3B317F348F900E408FD /* Foundation.framework */ = {isa = PBXFileReference; lastKnownFileType = wrapper.framework; name = Foundation.framework; path = System/Library/Frameworks/Foundation.framework; sourceTree = SDKROOT; };
		7559B3B517F348F900E408FD /* CoreGraphics.framework */ = {isa = PBXFileReference; lastKnownFileType = wrapper.framework; name = CoreGraphics.framework; path = System/Library/Frameworks/CoreGraphics.framework; sourceTree = SDKROOT; };
		7559B3B917F348F900E408FD /* DevAPTableController-Info.plist */ = {isa = PBXFileReference; lastKnownFileType = text.plist.xml; path = "DevAPTableController-Info.plist"; sourceTree = "<group>"; };
		7559B3BB17F348F900E408FD /* en */ = {isa = PBXFileReference; lastKnownFileType = text.plist.strings; name = en; path = en.lproj/InfoPlist.strings; sourceTree = "<group>"; };
		7559B3BD17F348F900E408FD /* main.m */ = {isa = PBXFileReference; lastKnownFileType = sourcecode.c.objc; path = main.m; sourceTree = "<group>"; };
		7559B3BF17F348F900E408FD /* DevAPTableController-Prefix.pch */ = {isa = PBXFileReference; lastKnownFileType = sourcecode.c.h; path = "DevAPTableController-Prefix.pch"; sourceTree = "<group>"; };
		7559B3C017F348F900E408FD /* AppDelegate.h */ = {isa = PBXFileReference; lastKnownFileType = sourcecode.c.h; path = AppDelegate.h; sourceTree = "<group>"; };
		7559B3C117F348F900E408FD /* AppDelegate.m */ = {isa = PBXFileReference; lastKnownFileType = sourcecode.c.objc; path = AppDelegate.m; sourceTree = "<group>"; };
		7559B3C317F348FA00E408FD /* Default.png */ = {isa = PBXFileReference; lastKnownFileType = image.png; path = Default.png; sourceTree = "<group>"; };
		7559B3C517F348FA00E408FD /* Default@2x.png */ = {isa = PBXFileReference; lastKnownFileType = image.png; path = "Default@2x.png"; sourceTree = "<group>"; };
		7559B3C717F348FA00E408FD /* Default-568h@2x.png */ = {isa = PBXFileReference; lastKnownFileType = image.png; path = "Default-568h@2x.png"; sourceTree = "<group>"; };
		7559B3C917F348FA00E408FD /* ViewController.h */ = {isa = PBXFileReference; lastKnownFileType = sourcecode.c.h; path = ViewController.h; sourceTree = "<group>"; };
		7559B3CA17F348FA00E408FD /* ViewController.m */ = {isa = PBXFileReference; lastKnownFileType = sourcecode.c.objc; path = ViewController.m; sourceTree = "<group>"; };
		7559B3CD17F348FA00E408FD /* en */ = {isa = PBXFileReference; lastKnownFileType = file.xib; name = en; path = en.lproj/ViewController.xib; sourceTree = "<group>"; };
		7559B3E817F450AC00E408FD /* APTableCell.h */ = {isa = PBXFileReference; fileEncoding = 4; lastKnownFileType = sourcecode.c.h; path = APTableCell.h; sourceTree = "<group>"; };
		7559B3E917F450AC00E408FD /* APTableCell.m */ = {isa = PBXFileReference; fileEncoding = 4; lastKnownFileType = sourcecode.c.objc; path = APTableCell.m; sourceTree = "<group>"; };
		7559B3EA17F450AC00E408FD /* APTableCell.xib */ = {isa = PBXFileReference; fileEncoding = 4; lastKnownFileType = file.xib; path = APTableCell.xib; sourceTree = "<group>"; };
		7559B3ED17F450AC00E408FD /* APTableCellViewModel.h */ = {isa = PBXFileReference; fileEncoding = 4; lastKnownFileType = sourcecode.c.h; path = APTableCellViewModel.h; sourceTree = "<group>"; };
		7559B3EE17F450AC00E408FD /* APTableCellViewModel.m */ = {isa = PBXFileReference; fileEncoding = 4; lastKnownFileType = sourcecode.c.objc; path = APTableCellViewModel.m; sourceTree = "<group>"; };
		7559B3F017F450AC00E408FD /* APTableSectionViewModel.h */ = {isa = PBXFileReference; fileEncoding = 4; lastKnownFileType = sourcecode.c.h; path = APTableSectionViewModel.h; sourceTree = "<group>"; };
		7559B3F117F450AC00E408FD /* APTableSectionViewModel.m */ = {isa = PBXFileReference; fileEncoding = 4; lastKnownFileType = sourcecode.c.objc; path = APTableSectionViewModel.m; sourceTree = "<group>"; };
		7559B3F317F450AC00E408FD /* APTableController.h */ = {isa = PBXFileReference; fileEncoding = 4; lastKnownFileType = sourcecode.c.h; path = APTableController.h; sourceTree = "<group>"; };
		7559B3F417F450AC00E408FD /* APTableController.m */ = {isa = PBXFileReference; fileEncoding = 4; lastKnownFileType = sourcecode.c.objc; path = APTableController.m; sourceTree = "<group>"; };
		7559B3F517F450AC00E408FD /* APTableController.xib */ = {isa = PBXFileReference; fileEncoding = 4; lastKnownFileType = file.xib; path = APTableController.xib; sourceTree = "<group>"; };
		7559B3FD17F450CF00E408FD /* NSArray+APTableController.h */ = {isa = PBXFileReference; fileEncoding = 4; lastKnownFileType = sourcecode.c.h; path = "NSArray+APTableController.h"; sourceTree = "<group>"; };
		7559B3FE17F450CF00E408FD /* NSArray+APTableController.m */ = {isa = PBXFileReference; fileEncoding = 4; lastKnownFileType = sourcecode.c.objc; path = "NSArray+APTableController.m"; sourceTree = "<group>"; };
		7559B40317F4520000E408FD /* NSDictionary+APTableController.h */ = {isa = PBXFileReference; fileEncoding = 4; lastKnownFileType = sourcecode.c.h; path = "NSDictionary+APTableController.h"; sourceTree = "<group>"; };
		7559B40417F4520000E408FD /* NSDictionary+APTableController.m */ = {isa = PBXFileReference; fileEncoding = 4; lastKnownFileType = sourcecode.c.objc; path = "NSDictionary+APTableController.m"; sourceTree = "<group>"; };
		7559B40617F4520E00E408FD /* NSObject+APTableController.h */ = {isa = PBXFileReference; fileEncoding = 4; lastKnownFileType = sourcecode.c.h; path = "NSObject+APTableController.h"; sourceTree = "<group>"; };
		7559B40717F4520E00E408FD /* NSObject+APTableController.m */ = {isa = PBXFileReference; fileEncoding = 4; lastKnownFileType = sourcecode.c.objc; path = "NSObject+APTableController.m"; sourceTree = "<group>"; };
/* End PBXFileReference section */

/* Begin PBXFrameworksBuildPhase section */
		7559B3AB17F348F900E408FD /* Frameworks */ = {
			isa = PBXFrameworksBuildPhase;
			buildActionMask = 2147483647;
			files = (
				7559B3B217F348F900E408FD /* UIKit.framework in Frameworks */,
				7559B3B417F348F900E408FD /* Foundation.framework in Frameworks */,
				7559B3B617F348F900E408FD /* CoreGraphics.framework in Frameworks */,
				F7BA40C8C38F49CCBD31A40C /* libPods.a in Frameworks */,
			);
			runOnlyForDeploymentPostprocessing = 0;
		};
/* End PBXFrameworksBuildPhase section */

/* Begin PBXGroup section */
		7529B2BF17F5B64300997D90 /* Categories */ = {
			isa = PBXGroup;
			children = (
				7529B2C017F5B68900997D90 /* NSObject+APKeys.h */,
				7529B2C117F5B68900997D90 /* NSObject+APKeys.m */,
				7529B2C517F5BF2400997D90 /* UIView+APTableController.h */,
				7529B2C617F5BF2400997D90 /* UIView+APTableController.m */,
			);
			name = Categories;
			sourceTree = "<group>";
		};
		7529B2C817F5CCF700997D90 /* ViewBinder */ = {
			isa = PBXGroup;
			children = (
				7529B2C917F5CCF700997D90 /* Base */,
				7529B2CA17F5CCF700997D90 /* Block */,
				7529B2CB17F5CCF700997D90 /* ImageView */,
				7529B2CC17F5CCF700997D90 /* Label */,
				7529B2CD17F5CCF700997D90 /* Switch */,
				7529B2CE17F5CCF700997D90 /* TextField */,
			);
			path = ViewBinder;
			sourceTree = "<group>";
		};
		7529B2C917F5CCF700997D90 /* Base */ = {
			isa = PBXGroup;
			children = (
				7529B2CF17F5CD0900997D90 /* APViewBinder.h */,
				7529B2D017F5CD0900997D90 /* APViewBinder.m */,
			);
			path = Base;
			sourceTree = "<group>";
		};
		7529B2CA17F5CCF700997D90 /* Block */ = {
			isa = PBXGroup;
			children = (
			);
			path = Block;
			sourceTree = "<group>";
		};
		7529B2CB17F5CCF700997D90 /* ImageView */ = {
			isa = PBXGroup;
			children = (
			);
			path = ImageView;
			sourceTree = "<group>";
		};
		7529B2CC17F5CCF700997D90 /* Label */ = {
			isa = PBXGroup;
			children = (
				7529B2D217F5CD1C00997D90 /* APLabelBinder.h */,
				7529B2D317F5CD1C00997D90 /* APLabelBinder.m */,
			);
			path = Label;
			sourceTree = "<group>";
		};
		7529B2CD17F5CCF700997D90 /* Switch */ = {
			isa = PBXGroup;
			children = (
			);
			path = Switch;
			sourceTree = "<group>";
		};
		7529B2CE17F5CCF700997D90 /* TextField */ = {
			isa = PBXGroup;
			children = (
			);
			path = TextField;
			sourceTree = "<group>";
		};
		7559B3A517F348F900E408FD = {
			isa = PBXGroup;
			children = (
				7559B3B717F348F900E408FD /* DevAPTableController */,
				7559B3B017F348F900E408FD /* Frameworks */,
				7559B3AF17F348F900E408FD /* Products */,
				2E0CC9B409A0444EB9C3AA2A /* Pods.xcconfig */,
			);
			sourceTree = "<group>";
		};
		7559B3AF17F348F900E408FD /* Products */ = {
			isa = PBXGroup;
			children = (
				7559B3AE17F348F900E408FD /* DevAPTableController.app */,
			);
			name = Products;
			sourceTree = "<group>";
		};
		7559B3B017F348F900E408FD /* Frameworks */ = {
			isa = PBXGroup;
			children = (
				7559B3B117F348F900E408FD /* UIKit.framework */,
				7559B3B317F348F900E408FD /* Foundation.framework */,
				7559B3B517F348F900E408FD /* CoreGraphics.framework */,
				718AFD1630D2496AB348D17F /* libPods.a */,
			);
			name = Frameworks;
			sourceTree = "<group>";
		};
		7559B3B717F348F900E408FD /* DevAPTableController */ = {
			isa = PBXGroup;
			children = (
				7559B3E517F450AC00E408FD /* Classes */,
				7559B3C017F348F900E408FD /* AppDelegate.h */,
				7559B3C117F348F900E408FD /* AppDelegate.m */,
				7559B3C917F348FA00E408FD /* ViewController.h */,
				7559B3CA17F348FA00E408FD /* ViewController.m */,
				7529B2C317F5BDBB00997D90 /* UserCell.xib */,
				7559B3CC17F348FA00E408FD /* ViewController.xib */,
				7559B3B817F348F900E408FD /* Supporting Files */,
			);
			path = DevAPTableController;
			sourceTree = "<group>";
		};
		7559B3B817F348F900E408FD /* Supporting Files */ = {
			isa = PBXGroup;
			children = (
				7559B3B917F348F900E408FD /* DevAPTableController-Info.plist */,
				7559B3BA17F348F900E408FD /* InfoPlist.strings */,
				7559B3BD17F348F900E408FD /* main.m */,
				7559B3BF17F348F900E408FD /* DevAPTableController-Prefix.pch */,
				7559B3C317F348FA00E408FD /* Default.png */,
				7559B3C517F348FA00E408FD /* Default@2x.png */,
				7559B3C717F348FA00E408FD /* Default-568h@2x.png */,
			);
			name = "Supporting Files";
			sourceTree = "<group>";
		};
		7559B3E517F450AC00E408FD /* Classes */ = {
			isa = PBXGroup;
			children = (
				7529B2BF17F5B64300997D90 /* Categories */,
				7559B3E617F450AC00E408FD /* Cells */,
				7559B3EB17F450AC00E408FD /* CellViewModels */,
				7559B3F217F450AC00E408FD /* Controller */,
			);
			name = Classes;
			path = ../../Classes;
			sourceTree = "<group>";
		};
		7559B3E617F450AC00E408FD /* Cells */ = {
			isa = PBXGroup;
			children = (
				7559B3E717F450AC00E408FD /* Base */,
			);
			path = Cells;
			sourceTree = "<group>";
		};
		7559B3E717F450AC00E408FD /* Base */ = {
			isa = PBXGroup;
			children = (
				7559B3E817F450AC00E408FD /* APTableCell.h */,
				7559B3E917F450AC00E408FD /* APTableCell.m */,
				7559B3EA17F450AC00E408FD /* APTableCell.xib */,
			);
			path = Base;
			sourceTree = "<group>";
		};
		7559B3EB17F450AC00E408FD /* CellViewModels */ = {
			isa = PBXGroup;
			children = (
				7529B2C817F5CCF700997D90 /* ViewBinder */,
				7559B3EC17F450AC00E408FD /* Cell */,
				7559B3EF17F450AC00E408FD /* Section */,
			);
			path = CellViewModels;
			sourceTree = "<group>";
		};
		7559B3EC17F450AC00E408FD /* Cell */ = {
			isa = PBXGroup;
			children = (
				7559B3ED17F450AC00E408FD /* APTableCellViewModel.h */,
				7559B3EE17F450AC00E408FD /* APTableCellViewModel.m */,
			);
			path = Cell;
			sourceTree = "<group>";
		};
		7559B3EF17F450AC00E408FD /* Section */ = {
			isa = PBXGroup;
			children = (
				7559B3F017F450AC00E408FD /* APTableSectionViewModel.h */,
				7559B3F117F450AC00E408FD /* APTableSectionViewModel.m */,
			);
			path = Section;
			sourceTree = "<group>";
		};
		7559B3F217F450AC00E408FD /* Controller */ = {
			isa = PBXGroup;
			children = (
				7559B3F617F450AC00E408FD /* Categories */,
				7559B3F317F450AC00E408FD /* APTableController.h */,
				7559B3F417F450AC00E408FD /* APTableController.m */,
				7559B3F517F450AC00E408FD /* APTableController.xib */,
			);
			path = Controller;
			sourceTree = "<group>";
		};
		7559B3F617F450AC00E408FD /* Categories */ = {
			isa = PBXGroup;
			children = (
				7559B3FD17F450CF00E408FD /* NSArray+APTableController.h */,
				7559B3FE17F450CF00E408FD /* NSArray+APTableController.m */,
				7559B40317F4520000E408FD /* NSDictionary+APTableController.h */,
				7559B40417F4520000E408FD /* NSDictionary+APTableController.m */,
				7559B40617F4520E00E408FD /* NSObject+APTableController.h */,
				7559B40717F4520E00E408FD /* NSObject+APTableController.m */,
			);
			path = Categories;
			sourceTree = "<group>";
		};
/* End PBXGroup section */

/* Begin PBXNativeTarget section */
		7559B3AD17F348F900E408FD /* DevAPTableController */ = {
			isa = PBXNativeTarget;
			buildConfigurationList = 7559B3D117F348FA00E408FD /* Build configuration list for PBXNativeTarget "DevAPTableController" */;
			buildPhases = (
				583B3A341F6847F39DD64383 /* Check Pods Manifest.lock */,
				7559B3AA17F348F900E408FD /* Sources */,
				7559B3AB17F348F900E408FD /* Frameworks */,
				7559B3AC17F348F900E408FD /* Resources */,
				BDE6F0EDB6C9407EB9F1A5A0 /* Copy Pods Resources */,
			);
			buildRules = (
			);
			dependencies = (
			);
			name = DevAPTableController;
			productName = DevAPTableController;
			productReference = 7559B3AE17F348F900E408FD /* DevAPTableController.app */;
			productType = "com.apple.product-type.application";
		};
/* End PBXNativeTarget section */

/* Begin PBXProject section */
		7559B3A617F348F900E408FD /* Project object */ = {
			isa = PBXProject;
			attributes = {
				LastUpgradeCheck = 0460;
				ORGANIZATIONNAME = "Andrei Puni";
			};
			buildConfigurationList = 7559B3A917F348F900E408FD /* Build configuration list for PBXProject "DevAPTableController" */;
			compatibilityVersion = "Xcode 3.2";
			developmentRegion = English;
			hasScannedForEncodings = 0;
			knownRegions = (
				en,
			);
			mainGroup = 7559B3A517F348F900E408FD;
			productRefGroup = 7559B3AF17F348F900E408FD /* Products */;
			projectDirPath = "";
			projectRoot = "";
			targets = (
				7559B3AD17F348F900E408FD /* DevAPTableController */,
			);
		};
/* End PBXProject section */

/* Begin PBXResourcesBuildPhase section */
		7559B3AC17F348F900E408FD /* Resources */ = {
			isa = PBXResourcesBuildPhase;
			buildActionMask = 2147483647;
			files = (
				7559B3BC17F348F900E408FD /* InfoPlist.strings in Resources */,
				7559B3C417F348FA00E408FD /* Default.png in Resources */,
				7559B3C617F348FA00E408FD /* Default@2x.png in Resources */,
				7559B3C817F348FA00E408FD /* Default-568h@2x.png in Resources */,
				7529B2C417F5BDBB00997D90 /* UserCell.xib in Resources */,
				7559B3CE17F348FA00E408FD /* ViewController.xib in Resources */,
				7559B3F817F450AC00E408FD /* APTableCell.xib in Resources */,
				7559B3FC17F450AC00E408FD /* APTableController.xib in Resources */,
			);
			runOnlyForDeploymentPostprocessing = 0;
		};
/* End PBXResourcesBuildPhase section */

/* Begin PBXShellScriptBuildPhase section */
		583B3A341F6847F39DD64383 /* Check Pods Manifest.lock */ = {
			isa = PBXShellScriptBuildPhase;
			buildActionMask = 2147483647;
			files = (
			);
			inputPaths = (
			);
			name = "Check Pods Manifest.lock";
			outputPaths = (
			);
			runOnlyForDeploymentPostprocessing = 0;
			shellPath = /bin/sh;
			shellScript = "diff \"${PODS_ROOT}/../Podfile.lock\" \"${PODS_ROOT}/Manifest.lock\" > /dev/null\nif [[ $? != 0 ]] ; then\n    cat << EOM\nerror: The sandbox is not in sync with the Podfile.lock. Run 'pod install' or update your CocoaPods installation.\nEOM\n    exit 1\nfi\n";
			showEnvVarsInLog = 0;
		};
		BDE6F0EDB6C9407EB9F1A5A0 /* Copy Pods Resources */ = {
			isa = PBXShellScriptBuildPhase;
			buildActionMask = 2147483647;
			files = (
			);
			inputPaths = (
			);
			name = "Copy Pods Resources";
			outputPaths = (
			);
			runOnlyForDeploymentPostprocessing = 0;
			shellPath = /bin/sh;
			shellScript = "\"${SRCROOT}/Pods/Pods-resources.sh\"\n";
			showEnvVarsInLog = 0;
		};
/* End PBXShellScriptBuildPhase section */

/* Begin PBXSourcesBuildPhase section */
		7559B3AA17F348F900E408FD /* Sources */ = {
			isa = PBXSourcesBuildPhase;
			buildActionMask = 2147483647;
			files = (
				7559B3BE17F348F900E408FD /* main.m in Sources */,
				7559B3C217F348F900E408FD /* AppDelegate.m in Sources */,
				7559B3CB17F348FA00E408FD /* ViewController.m in Sources */,
				7559B3F717F450AC00E408FD /* APTableCell.m in Sources */,
				7559B3F917F450AC00E408FD /* APTableCellViewModel.m in Sources */,
				7559B3FA17F450AC00E408FD /* APTableSectionViewModel.m in Sources */,
				7529B2C717F5BF2400997D90 /* UIView+APTableController.m in Sources */,
				7529B2C217F5B68900997D90 /* NSObject+APKeys.m in Sources */,
				7559B3FB17F450AC00E408FD /* APTableController.m in Sources */,
				7559B3FF17F450CF00E408FD /* NSArray+APTableController.m in Sources */,
				7559B40517F4520000E408FD /* NSDictionary+APTableController.m in Sources */,
				7529B2D417F5CD1C00997D90 /* APLabelBinder.m in Sources */,
				7559B40817F4520E00E408FD /* NSObject+APTableController.m in Sources */,
				7529B2D117F5CD0900997D90 /* APViewBinder.m in Sources */,
			);
			runOnlyForDeploymentPostprocessing = 0;
		};
/* End PBXSourcesBuildPhase section */

/* Begin PBXVariantGroup section */
		7559B3BA17F348F900E408FD /* InfoPlist.strings */ = {
			isa = PBXVariantGroup;
			children = (
				7559B3BB17F348F900E408FD /* en */,
			);
			name = InfoPlist.strings;
			sourceTree = "<group>";
		};
		7559B3CC17F348FA00E408FD /* ViewController.xib */ = {
			isa = PBXVariantGroup;
			children = (
				7559B3CD17F348FA00E408FD /* en */,
			);
			name = ViewController.xib;
			sourceTree = "<group>";
		};
/* End PBXVariantGroup section */

/* Begin XCBuildConfiguration section */
		7559B3CF17F348FA00E408FD /* Debug */ = {
			isa = XCBuildConfiguration;
			buildSettings = {
				ALWAYS_SEARCH_USER_PATHS = NO;
				CLANG_CXX_LANGUAGE_STANDARD = "gnu++0x";
				CLANG_CXX_LIBRARY = "libc++";
				CLANG_ENABLE_OBJC_ARC = YES;
				CLANG_WARN_CONSTANT_CONVERSION = YES;
				CLANG_WARN_EMPTY_BODY = YES;
				CLANG_WARN_ENUM_CONVERSION = YES;
				CLANG_WARN_INT_CONVERSION = YES;
				CLANG_WARN__DUPLICATE_METHOD_MATCH = YES;
				"CODE_SIGN_IDENTITY[sdk=iphoneos*]" = "iPhone Developer";
				COPY_PHASE_STRIP = NO;
				GCC_C_LANGUAGE_STANDARD = gnu99;
				GCC_DYNAMIC_NO_PIC = NO;
				GCC_OPTIMIZATION_LEVEL = 0;
				GCC_PREPROCESSOR_DEFINITIONS = (
					"DEBUG=1",
					"$(inherited)",
				);
				GCC_SYMBOLS_PRIVATE_EXTERN = NO;
				GCC_WARN_ABOUT_RETURN_TYPE = YES;
				GCC_WARN_UNINITIALIZED_AUTOS = YES;
				GCC_WARN_UNUSED_VARIABLE = YES;
				IPHONEOS_DEPLOYMENT_TARGET = 6.1;
				ONLY_ACTIVE_ARCH = YES;
				SDKROOT = iphoneos;
			};
			name = Debug;
		};
		7559B3D017F348FA00E408FD /* Release */ = {
			isa = XCBuildConfiguration;
			buildSettings = {
				ALWAYS_SEARCH_USER_PATHS = NO;
				CLANG_CXX_LANGUAGE_STANDARD = "gnu++0x";
				CLANG_CXX_LIBRARY = "libc++";
				CLANG_ENABLE_OBJC_ARC = YES;
				CLANG_WARN_CONSTANT_CONVERSION = YES;
				CLANG_WARN_EMPTY_BODY = YES;
				CLANG_WARN_ENUM_CONVERSION = YES;
				CLANG_WARN_INT_CONVERSION = YES;
				CLANG_WARN__DUPLICATE_METHOD_MATCH = YES;
				"CODE_SIGN_IDENTITY[sdk=iphoneos*]" = "iPhone Developer";
				COPY_PHASE_STRIP = YES;
				GCC_C_LANGUAGE_STANDARD = gnu99;
				GCC_WARN_ABOUT_RETURN_TYPE = YES;
				GCC_WARN_UNINITIALIZED_AUTOS = YES;
				GCC_WARN_UNUSED_VARIABLE = YES;
				IPHONEOS_DEPLOYMENT_TARGET = 6.1;
				OTHER_CFLAGS = "-DNS_BLOCK_ASSERTIONS=1";
				SDKROOT = iphoneos;
				VALIDATE_PRODUCT = YES;
			};
			name = Release;
		};
		7559B3D217F348FA00E408FD /* Debug */ = {
			isa = XCBuildConfiguration;
			baseConfigurationReference = 2E0CC9B409A0444EB9C3AA2A /* Pods.xcconfig */;
			buildSettings = {
				GCC_PRECOMPILE_PREFIX_HEADER = YES;
				GCC_PREFIX_HEADER = "DevAPTableController/DevAPTableController-Prefix.pch";
				INFOPLIST_FILE = "DevAPTableController/DevAPTableController-Info.plist";
				PRODUCT_NAME = "$(TARGET_NAME)";
				WRAPPER_EXTENSION = app;
			};
			name = Debug;
		};
		7559B3D317F348FA00E408FD /* Release */ = {
			isa = XCBuildConfiguration;
			baseConfigurationReference = 2E0CC9B409A0444EB9C3AA2A /* Pods.xcconfig */;
			buildSettings = {
				GCC_PRECOMPILE_PREFIX_HEADER = YES;
				GCC_PREFIX_HEADER = "DevAPTableController/DevAPTableController-Prefix.pch";
				INFOPLIST_FILE = "DevAPTableController/DevAPTableController-Info.plist";
				PRODUCT_NAME = "$(TARGET_NAME)";
				WRAPPER_EXTENSION = app;
			};
			name = Release;
		};
/* End XCBuildConfiguration section */

/* Begin XCConfigurationList section */
		7559B3A917F348F900E408FD /* Build configuration list for PBXProject "DevAPTableController" */ = {
			isa = XCConfigurationList;
			buildConfigurations = (
				7559B3CF17F348FA00E408FD /* Debug */,
				7559B3D017F348FA00E408FD /* Release */,
			);
			defaultConfigurationIsVisible = 0;
			defaultConfigurationName = Release;
		};
		7559B3D117F348FA00E408FD /* Build configuration list for PBXNativeTarget "DevAPTableController" */ = {
			isa = XCConfigurationList;
			buildConfigurations = (
				7559B3D217F348FA00E408FD /* Debug */,
				7559B3D317F348FA00E408FD /* Release */,
			);
			defaultConfigurationIsVisible = 0;
			defaultConfigurationName = Release;
		};
/* End XCConfigurationList section */
	};
	rootObject = 7559B3A617F348F900E408FD /* Project object */;
}
