PODS:
  - APUtils (2.0.0):
    - APUtils/Foundation
    - APUtils/UIKit
  - APUtils/Foundation (2.0.0)
  - APUtils/UIKit (2.0.0):
    - APUtils/Foundation
  - SDWebImage (3.5):
    - SDWebImage/Core
  - SDWebImage/Core (3.5)

DEPENDENCIES:
  - APUtils
  - SDWebImage

SPEC CHECKSUMS:
  APUtils: c784727be41442b3c7a3bf8b4d89e53a41807138
  SDWebImage: f1a72472f8a2d54445f1fedafe2090593d9caf7f

COCOAPODS: 0.28.0
